// !$*UTF8*$!
{
	archiveVersion = 1;
	classes = {
	};
	objectVersion = 56;
	objects = {

/* Begin PBXBuildFile section */
		4B5D00000000000000000001 /* main.m in Sources */ = {isa = PBXBuildFile; fileRef = 4B5D00000000000000000002 /* main.m */; };
/* End PBXBuildFile section */

/* Begin PBXFileReference section */
		4B5D00000000000000000002 /* main.m */ = {isa = PBXFileReference; lastKnownFileType = sourcecode.c.objc; path = main.m; sourceTree = "<group>"; };
		4B5D00000000000000000003 /* KSDeviceSetup.app */ = {isa = PBXFileReference; explicitFileType = wrapper.application; includeInIndex = 0; path = KSDeviceSetup.app; sourceTree = BUILT_PRODUCTS_DIR; };
/* End PBXFileReference section */

/* Begin PBXFrameworksBuildPhase section */
		4B5D00000000000000000004 /* Frameworks */ = {
			isa = PBXFrameworksBuildPhase;
			buildActionMask = 2147483647;
			files = (
			);
			runOnlyForDeploymentPostprocessing = 0;
		};
/* End PBXFrameworksBuildPhase section */

/* Begin PBXGroup section */
		4B5D00000000000000000005 = {
			isa = PBXGroup;
			children = (
				4B5D00000000000000000002 /* main.m */,
				4B5D00000000000000000006 /* Products */,
			);
			sourceTree = "<group>";
		};
		4B5D00000000000000000006 /* Products */ = {
			isa = PBXGroup;
			children = (
				4B5D00000000000000000003 /* KSDeviceSetup.app */,
			);
			name = Products;
			sourceTree = "<group>";
		};
/* End PBXGroup section */

/* Begin PBXNativeTarget section */
		4B5D00000000000000000007 /* KSDeviceSetup */ = {
			isa = PBXNativeTarget;
			buildConfigurationList = 4B5D00000000000000000008 /* Build configuration list for PBXNativeTarget "KSDeviceSetup" */;
			buildPhases = (
				4B5D00000000000000000009 /* Sources */,
				4B5D00000000000000000004 /* Frameworks */,
			);
			buildRules = (
			);
			dependencies = (
			);
			name = KSDeviceSetup;
			productName = KSDeviceSetup;
			productReference = 4B5D00000000000000000003 /* KSDeviceSetup.app */;
			productType = "com.apple.product-type.application";
		};
/* End PBXNativeTarget section */

/* Begin PBXProject section */
		4B5D0000000000000000000A /* Project object */ = {
			isa = PBXProject;
			attributes = {
				BuildIndependentTargetsInParallel = 1;
				LastUpgradeCheck = 1500;
			};
			buildConfigurationList = 4B5D0000000000000000000B /* Build configuration list for PBXProject "KSDeviceSetup" */;
			compatibilityVersion = "Xcode 14.0";
			developmentRegion = en;
			hasScannedForEncodings = 0;
			knownRegions = (
				en,
				Base,
			);
			mainGroup = 4B5D00000000000000000005;
			productRefGroup = 4B5D00000000000000000006 /* Products */;
			projectDirPath = "";
			projectRoot = "";
			targets = (
				4B5D00000000000000000007 /* KSDeviceSetup */,
			);
		};
/* End PBXProject section */

/* Begin PBXSourcesBuildPhase section */
		4B5D00000000000000000009 /* Sources */ = {
			isa = PBXSourcesBuildPhase;
			buildActionMask = 2147483647;
			files = (
				4B5D00000000000000000001 /* main.m in Sources */,
			);
			runOnlyForDeploymentPostprocessing = 0;
		};
/* End PBXSourcesBuildPhase section */

/* Begin XCBuildConfiguration section */
		4B5D0000000000000000000C /* Debug */ = {
			isa = XCBuildConfiguration;
			buildSettings = {
				ALWAYS_SEARCH_USER_PATHS = NO;
				CLANG_ENABLE_OBJC_ARC = YES;
				COPY_PHASE_STRIP = NO;
				DEBUG_INFORMATION_FORMAT = dwarf;
				ENABLE_TESTABILITY = YES;
				GCC_OPTIMIZATION_LEVEL = 0;
				IPHONEOS_DEPLOYMENT_TARGET = 17.0;
				ONLY_ACTIVE_ARCH = YES;
				SDKROOT = iphoneos;
			};
			name = Debug;
		};
		4B5D0000000000000000000D /* Debug */ = {
			isa = XCBuildConfiguration;
			buildSettings = {
				CODE_SIGN_STYLE = Automatic;
				CURRENT_PROJECT_VERSION = 1;
				DEVELOPMENT_TEAM = "";
				GENERATE_INFOPLIST_FILE = YES;
				INFOPLIST_KEY_UILaunchScreen_Generation = YES;
				MARKETING_VERSION = 1.0;
				PRODUCT_BUNDLE_IDENTIFIER = com.mhlgvr.Kubostrel;
				PRODUCT_NAME = "$(TARGET_NAME)";
				TARGETED_DEVICE_FAMILY = "1,2";
			};
			name = Debug;
		};
/* End XCBuildConfiguration section */

/* Begin XCConfigurationList section */
		4B5D00000000000000000008 /* Build configuration list for PBXNativeTarget "KSDeviceSetup" */ = {
			isa = XCConfigurationList;
			buildConfigurations = (
				4B5D0000000000000000000D /* Debug */,
			);
			defaultConfigurationIsVisible = 0;
			defaultConfigurationName = Debug;
		};
		4B5D0000000000000000000B /* Build configuration list for PBXProject "KSDeviceSetup" */ = {
			isa = XCConfigurationList;
			buildConfigurations = (
				4B5D0000000000000000000C /* Debug */,
			);
			defaultConfigurationIsVisible = 0;
			defaultConfigurationName = Debug;
		};
/* End XCConfigurationList section */
	};
	rootObject = 4B5D0000000000000000000A /* Project object */;
}
